// !$*UTF8*$!
{
	archiveVersion = 1;
	classes = {
	};
	objectVersion = 46;
	objects = {

/* Begin PBXBuildFile section */
		9B72356A1FB3641C00A565F1 /* AdminViewController.swift in Sources */ = {isa = PBXBuildFile; fileRef = 9B7235691FB3641C00A565F1 /* AdminViewController.swift */; };
		9B936F3F1FAB48B900F3108D /* AppDelegate.swift in Sources */ = {isa = PBXBuildFile; fileRef = 9B936F3E1FAB48B900F3108D /* AppDelegate.swift */; };
		9B936F411FAB48B900F3108D /* DictionnaireViewController.swift in Sources */ = {isa = PBXBuildFile; fileRef = 9B936F401FAB48B900F3108D /* DictionnaireViewController.swift */; };
		9B936F441FAB48B900F3108D /* Main.storyboard in Resources */ = {isa = PBXBuildFile; fileRef = 9B936F421FAB48B900F3108D /* Main.storyboard */; };
		9B936F461FAB48B900F3108D /* Assets.xcassets in Resources */ = {isa = PBXBuildFile; fileRef = 9B936F451FAB48B900F3108D /* Assets.xcassets */; };
		9B936F491FAB48B900F3108D /* LaunchScreen.storyboard in Resources */ = {isa = PBXBuildFile; fileRef = 9B936F471FAB48B900F3108D /* LaunchScreen.storyboard */; };
		9BE894F81FBCA29B005071B5 /* logo-top.png in Resources */ = {isa = PBXBuildFile; fileRef = 9BE894F71FBCA29B005071B5 /* logo-top.png */; };
		9BE894FA1FBCA93B005071B5 /* UIColorUtil.swift in Sources */ = {isa = PBXBuildFile; fileRef = 9BE894F91FBCA93B005071B5 /* UIColorUtil.swift */; };
		9BE894FC1FBCAABF005071B5 /* logo-launch.png in Resources */ = {isa = PBXBuildFile; fileRef = 9BE894FB1FBCAABF005071B5 /* logo-launch.png */; };
		9BE894FE1FBCBED0005071B5 /* cloud.png in Resources */ = {isa = PBXBuildFile; fileRef = 9BE894FD1FBCBED0005071B5 /* cloud.png */; };
		9BE895001FBCC1D8005071B5 /* admin.png in Resources */ = {isa = PBXBuildFile; fileRef = 9BE894FF1FBCC1D7005071B5 /* admin.png */; };
		9BEB9F741FB344AE007ACB75 /* UserDefaultsManager.swift in Sources */ = {isa = PBXBuildFile; fileRef = 9BEB9F731FB344AE007ACB75 /* UserDefaultsManager.swift */; };
/* End PBXBuildFile section */

/* Begin PBXFileReference section */
		9B7235691FB3641C00A565F1 /* AdminViewController.swift */ = {isa = PBXFileReference; fileEncoding = 4; lastKnownFileType = sourcecode.swift; path = AdminViewController.swift; sourceTree = "<group>"; };
		9B936F3B1FAB48B900F3108D /* dictionnaire.app */ = {isa = PBXFileReference; explicitFileType = wrapper.application; includeInIndex = 0; path = dictionnaire.app; sourceTree = BUILT_PRODUCTS_DIR; };
		9B936F3E1FAB48B900F3108D /* AppDelegate.swift */ = {isa = PBXFileReference; lastKnownFileType = sourcecode.swift; path = AppDelegate.swift; sourceTree = "<group>"; };
		9B936F401FAB48B900F3108D /* DictionnaireViewController.swift */ = {isa = PBXFileReference; lastKnownFileType = sourcecode.swift; path = DictionnaireViewController.swift; sourceTree = "<group>"; };
		9B936F431FAB48B900F3108D /* Base */ = {isa = PBXFileReference; lastKnownFileType = file.storyboard; name = Base; path = Base.lproj/Main.storyboard; sourceTree = "<group>"; };
		9B936F451FAB48B900F3108D /* Assets.xcassets */ = {isa = PBXFileReference; lastKnownFileType = folder.assetcatalog; path = Assets.xcassets; sourceTree = "<group>"; };
		9B936F481FAB48B900F3108D /* Base */ = {isa = PBXFileReference; lastKnownFileType = file.storyboard; name = Base; path = Base.lproj/LaunchScreen.storyboard; sourceTree = "<group>"; };
		9B936F4A1FAB48B900F3108D /* Info.plist */ = {isa = PBXFileReference; lastKnownFileType = text.plist.xml; path = Info.plist; sourceTree = "<group>"; };
		9BE894F71FBCA29B005071B5 /* logo-top.png */ = {isa = PBXFileReference; lastKnownFileType = image.png; name = "logo-top.png"; path = "dictionnaire/images/logo-top.png"; sourceTree = SOURCE_ROOT; };
		9BE894F91FBCA93B005071B5 /* UIColorUtil.swift */ = {isa = PBXFileReference; fileEncoding = 4; lastKnownFileType = sourcecode.swift; path = UIColorUtil.swift; sourceTree = "<group>"; };
		9BE894FB1FBCAABF005071B5 /* logo-launch.png */ = {isa = PBXFileReference; lastKnownFileType = image.png; name = "logo-launch.png"; path = "dictionnaire/images/logo-launch.png"; sourceTree = SOURCE_ROOT; };
		9BE894FD1FBCBED0005071B5 /* cloud.png */ = {isa = PBXFileReference; lastKnownFileType = image.png; name = cloud.png; path = dictionnaire/images/cloud.png; sourceTree = SOURCE_ROOT; };
		9BE894FF1FBCC1D7005071B5 /* admin.png */ = {isa = PBXFileReference; lastKnownFileType = image.png; name = admin.png; path = dictionnaire/images/admin.png; sourceTree = SOURCE_ROOT; };
		9BEB9F731FB344AE007ACB75 /* UserDefaultsManager.swift */ = {isa = PBXFileReference; fileEncoding = 4; lastKnownFileType = sourcecode.swift; path = UserDefaultsManager.swift; sourceTree = "<group>"; };
/* End PBXFileReference section */

/* Begin PBXFrameworksBuildPhase section */
		9B936F381FAB48B900F3108D /* Frameworks */ = {
			isa = PBXFrameworksBuildPhase;
			buildActionMask = 2147483647;
			files = (
			);
			runOnlyForDeploymentPostprocessing = 0;
		};
/* End PBXFrameworksBuildPhase section */

/* Begin PBXGroup section */
		9B936F321FAB48B900F3108D = {
			isa = PBXGroup;
			children = (
				9B936F3D1FAB48B900F3108D /* dictionnaire */,
				9B936F3C1FAB48B900F3108D /* Products */,
			);
			sourceTree = "<group>";
		};
		9B936F3C1FAB48B900F3108D /* Products */ = {
			isa = PBXGroup;
			children = (
				9B936F3B1FAB48B900F3108D /* dictionnaire.app */,
			);
			name = Products;
			sourceTree = "<group>";
		};
		9B936F3D1FAB48B900F3108D /* dictionnaire */ = {
			isa = PBXGroup;
			children = (
				9BE894F91FBCA93B005071B5 /* UIColorUtil.swift */,
				9BE894F41FBCA232005071B5 /* images */,
				9B7235691FB3641C00A565F1 /* AdminViewController.swift */,
				9BEB9F731FB344AE007ACB75 /* UserDefaultsManager.swift */,
				9B936F3E1FAB48B900F3108D /* AppDelegate.swift */,
				9B936F401FAB48B900F3108D /* DictionnaireViewController.swift */,
				9B936F421FAB48B900F3108D /* Main.storyboard */,
				9B936F451FAB48B900F3108D /* Assets.xcassets */,
				9B936F471FAB48B900F3108D /* LaunchScreen.storyboard */,
				9B936F4A1FAB48B900F3108D /* Info.plist */,
			);
			path = dictionnaire;
			sourceTree = "<group>";
		};
		9BE894F41FBCA232005071B5 /* images */ = {
			isa = PBXGroup;
			children = (
				9BE894FF1FBCC1D7005071B5 /* admin.png */,
				9BE894FD1FBCBED0005071B5 /* cloud.png */,
				9BE894FB1FBCAABF005071B5 /* logo-launch.png */,
				9BE894F71FBCA29B005071B5 /* logo-top.png */,
			);
			name = images;
			path = "New Group";
			sourceTree = "<group>";
		};
/* End PBXGroup section */

/* Begin PBXNativeTarget section */
		9B936F3A1FAB48B900F3108D /* dictionnaire */ = {
			isa = PBXNativeTarget;
			buildConfigurationList = 9B936F4D1FAB48B900F3108D /* Build configuration list for PBXNativeTarget "dictionnaire" */;
			buildPhases = (
				9B936F371FAB48B900F3108D /* Sources */,
				9B936F381FAB48B900F3108D /* Frameworks */,
				9B936F391FAB48B900F3108D /* Resources */,
			);
			buildRules = (
			);
			dependencies = (
			);
			name = dictionnaire;
			productName = dictionnaire;
			productReference = 9B936F3B1FAB48B900F3108D /* dictionnaire.app */;
			productType = "com.apple.product-type.application";
		};
/* End PBXNativeTarget section */

/* Begin PBXProject section */
		9B936F331FAB48B900F3108D /* Project object */ = {
			isa = PBXProject;
			attributes = {
				LastSwiftUpdateCheck = 0820;
				LastUpgradeCheck = 0820;
				ORGANIZATIONNAME = eleves;
				TargetAttributes = {
					9B936F3A1FAB48B900F3108D = {
						CreatedOnToolsVersion = 8.2;
						DevelopmentTeam = 24CSTL9A45;
						ProvisioningStyle = Automatic;
					};
				};
			};
			buildConfigurationList = 9B936F361FAB48B900F3108D /* Build configuration list for PBXProject "dictionnaire" */;
			compatibilityVersion = "Xcode 3.2";
			developmentRegion = English;
			hasScannedForEncodings = 0;
			knownRegions = (
				en,
				Base,
			);
			mainGroup = 9B936F321FAB48B900F3108D;
			productRefGroup = 9B936F3C1FAB48B900F3108D /* Products */;
			projectDirPath = "";
			projectRoot = "";
			targets = (
				9B936F3A1FAB48B900F3108D /* dictionnaire */,
			);
		};
/* End PBXProject section */

/* Begin PBXResourcesBuildPhase section */
		9B936F391FAB48B900F3108D /* Resources */ = {
			isa = PBXResourcesBuildPhase;
			buildActionMask = 2147483647;
			files = (
				9BE894F81FBCA29B005071B5 /* logo-top.png in Resources */,
				9B936F491FAB48B900F3108D /* LaunchScreen.storyboard in Resources */,
				9B936F461FAB48B900F3108D /* Assets.xcassets in Resources */,
				9BE895001FBCC1D8005071B5 /* admin.png in Resources */,
				9BE894FE1FBCBED0005071B5 /* cloud.png in Resources */,
				9BE894FC1FBCAABF005071B5 /* logo-launch.png in Resources */,
				9B936F441FAB48B900F3108D /* Main.storyboard in Resources */,
			);
			runOnlyForDeploymentPostprocessing = 0;
		};
/* End PBXResourcesBuildPhase section */

/* Begin PBXSourcesBuildPhase section */
		9B936F371FAB48B900F3108D /* Sources */ = {
			isa = PBXSourcesBuildPhase;
			buildActionMask = 2147483647;
			files = (
				9B72356A1FB3641C00A565F1 /* AdminViewController.swift in Sources */,
				9B936F411FAB48B900F3108D /* DictionnaireViewController.swift in Sources */,
				9B936F3F1FAB48B900F3108D /* AppDelegate.swift in Sources */,
				9BEB9F741FB344AE007ACB75 /* UserDefaultsManager.swift in Sources */,
				9BE894FA1FBCA93B005071B5 /* UIColorUtil.swift in Sources */,
			);
			runOnlyForDeploymentPostprocessing = 0;
		};
/* End PBXSourcesBuildPhase section */

/* Begin PBXVariantGroup section */
		9B936F421FAB48B900F3108D /* Main.storyboard */ = {
			isa = PBXVariantGroup;
			children = (
				9B936F431FAB48B900F3108D /* Base */,
			);
			name = Main.storyboard;
			sourceTree = "<group>";
		};
		9B936F471FAB48B900F3108D /* LaunchScreen.storyboard */ = {
			isa = PBXVariantGroup;
			children = (
				9B936F481FAB48B900F3108D /* Base */,
			);
			name = LaunchScreen.storyboard;
			sourceTree = "<group>";
		};
/* End PBXVariantGroup section */

/* Begin XCBuildConfiguration section */
		9B936F4B1FAB48B900F3108D /* Debug */ = {
			isa = XCBuildConfiguration;
			buildSettings = {
				ALWAYS_SEARCH_USER_PATHS = NO;
				CLANG_ANALYZER_NONNULL = YES;
				CLANG_CXX_LANGUAGE_STANDARD = "gnu++0x";
				CLANG_CXX_LIBRARY = "libc++";
				CLANG_ENABLE_MODULES = YES;
				CLANG_ENABLE_OBJC_ARC = YES;
				CLANG_WARN_BOOL_CONVERSION = YES;
				CLANG_WARN_CONSTANT_CONVERSION = YES;
				CLANG_WARN_DIRECT_OBJC_ISA_USAGE = YES_ERROR;
				CLANG_WARN_DOCUMENTATION_COMMENTS = YES;
				CLANG_WARN_EMPTY_BODY = YES;
				CLANG_WARN_ENUM_CONVERSION = YES;
				CLANG_WARN_INFINITE_RECURSION = YES;
				CLANG_WARN_INT_CONVERSION = YES;
				CLANG_WARN_OBJC_ROOT_CLASS = YES_ERROR;
				CLANG_WARN_SUSPICIOUS_MOVE = YES;
				CLANG_WARN_UNREACHABLE_CODE = YES;
				CLANG_WARN__DUPLICATE_METHOD_MATCH = YES;
				"CODE_SIGN_IDENTITY[sdk=iphoneos*]" = "iPhone Developer";
				COPY_PHASE_STRIP = NO;
				DEBUG_INFORMATION_FORMAT = dwarf;
				ENABLE_STRICT_OBJC_MSGSEND = YES;
				ENABLE_TESTABILITY = YES;
				GCC_C_LANGUAGE_STANDARD = gnu99;
				GCC_DYNAMIC_NO_PIC = NO;
				GCC_NO_COMMON_BLOCKS = YES;
				GCC_OPTIMIZATION_LEVEL = 0;
				GCC_PREPROCESSOR_DEFINITIONS = (
					"DEBUG=1",
					"$(inherited)",
				);
				GCC_WARN_64_TO_32_BIT_CONVERSION = YES;
				GCC_WARN_ABOUT_RETURN_TYPE = YES_ERROR;
				GCC_WARN_UNDECLARED_SELECTOR = YES;
				GCC_WARN_UNINITIALIZED_AUTOS = YES_AGGRESSIVE;
				GCC_WARN_UNUSED_FUNCTION = YES;
				GCC_WARN_UNUSED_VARIABLE = YES;
				IPHONEOS_DEPLOYMENT_TARGET = 10.2;
				MTL_ENABLE_DEBUG_INFO = YES;
				ONLY_ACTIVE_ARCH = YES;
				SDKROOT = iphoneos;
				SWIFT_ACTIVE_COMPILATION_CONDITIONS = DEBUG;
				SWIFT_OPTIMIZATION_LEVEL = "-Onone";
			};
			name = Debug;
		};
		9B936F4C1FAB48B900F3108D /* Release */ = {
			isa = XCBuildConfiguration;
			buildSettings = {
				ALWAYS_SEARCH_USER_PATHS = NO;
				CLANG_ANALYZER_NONNULL = YES;
				CLANG_CXX_LANGUAGE_STANDARD = "gnu++0x";
				CLANG_CXX_LIBRARY = "libc++";
				CLANG_ENABLE_MODULES = YES;
				CLANG_ENABLE_OBJC_ARC = YES;
				CLANG_WARN_BOOL_CONVERSION = YES;
				CLANG_WARN_CONSTANT_CONVERSION = YES;
				CLANG_WARN_DIRECT_OBJC_ISA_USAGE = YES_ERROR;
				CLANG_WARN_DOCUMENTATION_COMMENTS = YES;
				CLANG_WARN_EMPTY_BODY = YES;
				CLANG_WARN_ENUM_CONVERSION = YES;
				CLANG_WARN_INFINITE_RECURSION = YES;
				CLANG_WARN_INT_CONVERSION = YES;
				CLANG_WARN_OBJC_ROOT_CLASS = YES_ERROR;
				CLANG_WARN_SUSPICIOUS_MOVE = YES;
				CLANG_WARN_UNREACHABLE_CODE = YES;
				CLANG_WARN__DUPLICATE_METHOD_MATCH = YES;
				"CODE_SIGN_IDENTITY[sdk=iphoneos*]" = "iPhone Developer";
				COPY_PHASE_STRIP = NO;
				DEBUG_INFORMATION_FORMAT = "dwarf-with-dsym";
				ENABLE_NS_ASSERTIONS = NO;
				ENABLE_STRICT_OBJC_MSGSEND = YES;
				GCC_C_LANGUAGE_STANDARD = gnu99;
				GCC_NO_COMMON_BLOCKS = YES;
				GCC_WARN_64_TO_32_BIT_CONVERSION = YES;
				GCC_WARN_ABOUT_RETURN_TYPE = YES_ERROR;
				GCC_WARN_UNDECLARED_SELECTOR = YES;
				GCC_WARN_UNINITIALIZED_AUTOS = YES_AGGRESSIVE;
				GCC_WARN_UNUSED_FUNCTION = YES;
				GCC_WARN_UNUSED_VARIABLE = YES;
				IPHONEOS_DEPLOYMENT_TARGET = 10.2;
				MTL_ENABLE_DEBUG_INFO = NO;
				SDKROOT = iphoneos;
				SWIFT_OPTIMIZATION_LEVEL = "-Owholemodule";
				VALIDATE_PRODUCT = YES;
			};
			name = Release;
		};
		9B936F4E1FAB48B900F3108D /* Debug */ = {
			isa = XCBuildConfiguration;
			buildSettings = {
				ASSETCATALOG_COMPILER_APPICON_NAME = AppIcon;
				CODE_SIGN_IDENTITY = "iPhone Developer";
				"CODE_SIGN_IDENTITY[sdk=iphoneos*]" = "iPhone Developer";
				CODE_SIGN_STYLE = Automatic;
				DEVELOPMENT_TEAM = 24CSTL9A45;
				INFOPLIST_FILE = dictionnaire/Info.plist;
				IPHONEOS_DEPLOYMENT_TARGET = 11.1;
				LD_RUNPATH_SEARCH_PATHS = "$(inherited) @executable_path/Frameworks";
				PRODUCT_BUNDLE_IDENTIFIER = com.fabiose.progalgo.dictionnaire;
				PRODUCT_NAME = "$(TARGET_NAME)";
				PROVISIONING_PROFILE_SPECIFIER = "";
				SWIFT_VERSION = 3.0;
			};
			name = Debug;
		};
		9B936F4F1FAB48B900F3108D /* Release */ = {
			isa = XCBuildConfiguration;
			buildSettings = {
				ASSETCATALOG_COMPILER_APPICON_NAME = AppIcon;
				CODE_SIGN_IDENTITY = "iPhone Developer";
				"CODE_SIGN_IDENTITY[sdk=iphoneos*]" = "iPhone Developer";
				CODE_SIGN_STYLE = Automatic;
				DEVELOPMENT_TEAM = 24CSTL9A45;
				INFOPLIST_FILE = dictionnaire/Info.plist;
				IPHONEOS_DEPLOYMENT_TARGET = 11.1;
				LD_RUNPATH_SEARCH_PATHS = "$(inherited) @executable_path/Frameworks";
				PRODUCT_BUNDLE_IDENTIFIER = com.fabiose.progalgo.dictionnaire;
				PRODUCT_NAME = "$(TARGET_NAME)";
				PROVISIONING_PROFILE_SPECIFIER = "";
				SWIFT_VERSION = 3.0;
			};
			name = Release;
		};
/* End XCBuildConfiguration section */

/* Begin XCConfigurationList section */
		9B936F361FAB48B900F3108D /* Build configuration list for PBXProject "dictionnaire" */ = {
			isa = XCConfigurationList;
			buildConfigurations = (
				9B936F4B1FAB48B900F3108D /* Debug */,
				9B936F4C1FAB48B900F3108D /* Release */,
			);
			defaultConfigurationIsVisible = 0;
			defaultConfigurationName = Release;
		};
		9B936F4D1FAB48B900F3108D /* Build configuration list for PBXNativeTarget "dictionnaire" */ = {
			isa = XCConfigurationList;
			buildConfigurations = (
				9B936F4E1FAB48B900F3108D /* Debug */,
				9B936F4F1FAB48B900F3108D /* Release */,
			);
			defaultConfigurationIsVisible = 0;
			defaultConfigurationName = Release;
		};
/* End XCConfigurationList section */
	};
	rootObject = 9B936F331FAB48B900F3108D /* Project object */;
}
